
Microsoft Visual Studio Solution File, Format Version 12.00
# Visual Studio Version 17
VisualStudioVersion = 17.0.31919.166
MinimumVisualStudioVersion = 10.0.40219.1
Project("{9A19103F-16F7-4668-BE54-9A1E7A4F7556}") = "HostApp", "HostApp\HostApp.csproj", "{F65FB57A-0889-4CE8-B6B1-6ECA0F083C21}"
EndProject
Project("{2150E333-8FDC-42A3-9474-1A3956D46DE8}") = "UI", "UI", "{16826977-CD47-4F2F-B1ED-C256C84B22B6}"
EndProject
Project("{2150E333-8FDC-42A3-9474-1A3956D46DE8}") = "Test", "Test", "{4F8AB354-BEDD-4D53-A5FC-FA496720D1F7}"
EndProject
Project("{2150E333-8FDC-42A3-9474-1A3956D46DE8}") = "App", "App", "{2B990F88-C4F1-4C53-9B9C-C1FDE2860166}"
EndProject
Project("{2150E333-8FDC-42A3-9474-1A3956D46DE8}") = "Libs", "Libs", "{99FAF70B-8D02-4368-8E5D-0F8B1D2A5047}"
EndProject
Project("{9A19103F-16F7-4668-BE54-9A1E7A4F7556}") = "Ecs.Edpf.Devices", "..\Libraries\Ecs.Edpf.Devices\Ecs.Edpf.Devices.csproj", "{0D051BF4-521D-4B1A-8B7F-8EDC43D99BD0}"
EndProject
Project("{2150E333-8FDC-42A3-9474-1A3956D46DE8}") = "Libs", "Libs", "{3604330D-DCB4-4F63-B8A9-B96306576130}"
EndProject
Project("{2150E333-8FDC-42A3-9474-1A3956D46DE8}") = "UI", "UI", "{BF3EE795-43B1-4E82-B360-62B3B3132A5D}"
EndProject
Project("{9A19103F-16F7-4668-BE54-9A1E7A4F7556}") = "Ecs.Edpf.Devices.Test", "..\Libraries\Ecs.Edpf.Devices.Test\Ecs.Edpf.Devices.Test.csproj", "{1B73E729-F212-4A56-B089-C838E44259CD}"
EndProject
Project("{9A19103F-16F7-4668-BE54-9A1E7A4F7556}") = "Ecs.Edpf.GUI", "..\Libraries\Ecs.Edpf.GUI\Ecs.Edpf.GUI.csproj", "{10F0C26D-DAC6-4CFB-A221-1F2C10843990}"
EndProject
Project("{9A19103F-16F7-4668-BE54-9A1E7A4F7556}") = "Ecs.Edpf.GUI.Test", "..\Libraries\Ecs.Edpf.GUI.Test\Ecs.Edpf.GUI.Test.csproj", "{E0BDE557-CD54-46EB-A86C-3020DB569A27}"
EndProject
Project("{9A19103F-16F7-4668-BE54-9A1E7A4F7556}") = "HostApp.Test", "HostApp.Test\HostApp.Test.csproj", "{A477D26F-A257-437B-AA8C-251CF5C578FA}"
EndProject
Project("{2150E333-8FDC-42A3-9474-1A3956D46DE8}") = "Deployment", "Deployment", "{ED25A0B2-ECAB-4722-BF63-7234B550CEB9}"
EndProject
Global
	GlobalSection(SolutionConfigurationPlatforms) = preSolution
		Debug|Any CPU = Debug|Any CPU
		Release|Any CPU = Release|Any CPU
	EndGlobalSection
	GlobalSection(ProjectConfigurationPlatforms) = postSolution
		{F65FB57A-0889-4CE8-B6B1-6ECA0F083C21}.Debug|Any CPU.ActiveCfg = Debug|Any CPU
		{F65FB57A-0889-4CE8-B6B1-6ECA0F083C21}.Debug|Any CPU.Build.0 = Debug|Any CPU
		{F65FB57A-0889-4CE8-B6B1-6ECA0F083C21}.Release|Any CPU.ActiveCfg = Release|Any CPU
		{F65FB57A-0889-4CE8-B6B1-6ECA0F083C21}.Release|Any CPU.Build.0 = Release|Any CPU
		{0D051BF4-521D-4B1A-8B7F-8EDC43D99BD0}.Debug|Any CPU.ActiveCfg = Debug|Any CPU
		{0D051BF4-521D-4B1A-8B7F-8EDC43D99BD0}.Debug|Any CPU.Build.0 = Debug|Any CPU
		{0D051BF4-521D-4B1A-8B7F-8EDC43D99BD0}.Release|Any CPU.ActiveCfg = Release|Any CPU
		{0D051BF4-521D-4B1A-8B7F-8EDC43D99BD0}.Release|Any CPU.Build.0 = Release|Any CPU
		{1B73E729-F212-4A56-B089-C838E44259CD}.Debug|Any CPU.ActiveCfg = Debug|Any CPU
		{1B73E729-F212-4A56-B089-C838E44259CD}.Debug|Any CPU.Build.0 = Debug|Any CPU
		{1B73E729-F212-4A56-B089-C838E44259CD}.Release|Any CPU.ActiveCfg = Release|Any CPU
		{1B73E729-F212-4A56-B089-C838E44259CD}.Release|Any CPU.Build.0 = Release|Any CPU
		{10F0C26D-DAC6-4CFB-A221-1F2C10843990}.Debug|Any CPU.ActiveCfg = Debug|Any CPU
		{10F0C26D-DAC6-4CFB-A221-1F2C10843990}.Debug|Any CPU.Build.0 = Debug|Any CPU
		{10F0C26D-DAC6-4CFB-A221-1F2C10843990}.Release|Any CPU.ActiveCfg = Release|Any CPU
		{10F0C26D-DAC6-4CFB-A221-1F2C10843990}.Release|Any CPU.Build.0 = Release|Any CPU
		{E0BDE557-CD54-46EB-A86C-3020DB569A27}.Debug|Any CPU.ActiveCfg = Debug|Any CPU
		{E0BDE557-CD54-46EB-A86C-3020DB569A27}.Debug|Any CPU.Build.0 = Debug|Any CPU
		{E0BDE557-CD54-46EB-A86C-3020DB569A27}.Release|Any CPU.ActiveCfg = Release|Any CPU
		{E0BDE557-CD54-46EB-A86C-3020DB569A27}.Release|Any CPU.Build.0 = Release|Any CPU
		{A477D26F-A257-437B-AA8C-251CF5C578FA}.Debug|Any CPU.ActiveCfg = Debug|Any CPU
		{A477D26F-A257-437B-AA8C-251CF5C578FA}.Debug|Any CPU.Build.0 = Debug|Any CPU
		{A477D26F-A257-437B-AA8C-251CF5C578FA}.Release|Any CPU.ActiveCfg = Release|Any CPU
		{A477D26F-A257-437B-AA8C-251CF5C578FA}.Release|Any CPU.Build.0 = Release|Any CPU
	EndGlobalSection
	GlobalSection(SolutionProperties) = preSolution
		HideSolutionNode = FALSE
	EndGlobalSection
	GlobalSection(NestedProjects) = preSolution
		{F65FB57A-0889-4CE8-B6B1-6ECA0F083C21} = {16826977-CD47-4F2F-B1ED-C256C84B22B6}
		{16826977-CD47-4F2F-B1ED-C256C84B22B6} = {2B990F88-C4F1-4C53-9B9C-C1FDE2860166}
		{99FAF70B-8D02-4368-8E5D-0F8B1D2A5047} = {2B990F88-C4F1-4C53-9B9C-C1FDE2860166}
		{0D051BF4-521D-4B1A-8B7F-8EDC43D99BD0} = {99FAF70B-8D02-4368-8E5D-0F8B1D2A5047}
		{3604330D-DCB4-4F63-B8A9-B96306576130} = {4F8AB354-BEDD-4D53-A5FC-FA496720D1F7}
		{BF3EE795-43B1-4E82-B360-62B3B3132A5D} = {4F8AB354-BEDD-4D53-A5FC-FA496720D1F7}
		{1B73E729-F212-4A56-B089-C838E44259CD} = {3604330D-DCB4-4F63-B8A9-B96306576130}
		{10F0C26D-DAC6-4CFB-A221-1F2C10843990} = {99FAF70B-8D02-4368-8E5D-0F8B1D2A5047}
		{E0BDE557-CD54-46EB-A86C-3020DB569A27} = {3604330D-DCB4-4F63-B8A9-B96306576130}
		{A477D26F-A257-437B-AA8C-251CF5C578FA} = {BF3EE795-43B1-4E82-B360-62B3B3132A5D}
		{ED25A0B2-ECAB-4722-BF63-7234B550CEB9} = {2B990F88-C4F1-4C53-9B9C-C1FDE2860166}
	EndGlobalSection
	GlobalSection(ExtensibilityGlobals) = postSolution
		SolutionGuid = {1EFAB852-2DE0-44EF-A2D9-91459B41E638}
	EndGlobalSection
EndGlobal
